
Microsoft Visual Studio Solution File, Format Version 12.00
# Visual Studio Version 16
VisualStudioVersion = 16.0.28922.388
MinimumVisualStudioVersion = 10.0.40219.1
Project("{8BC9CEB8-8B4A-11D0-8D11-00A0C91BC942}") = "EngineCore", "EngineCore\EngineCore.vcxproj", "{82F9A6FD-E2D5-4323-AA7E-4C85960E4092}"
EndProject
Project("{8BC9CEB8-8B4A-11D0-8D11-00A0C91BC942}") = "DebugCmd", "DebugCmd\DebugCmd.vcxproj", "{3166A619-7C8D-4DF0-BCAE-AB75EC08B32A}"
	ProjectSection(ProjectDependencies) = postProject
		{82F9A6FD-E2D5-4323-AA7E-4C85960E4092} = {82F9A6FD-E2D5-4323-AA7E-4C85960E4092}
	EndProjectSection
EndProject
Project("{888888A0-9F3D-457C-B088-3A5042F75D52}") = "ModelEditor", "ModelEditor\ModelEditor.pyproj", "{BC38E17E-D8FA-4CE9-A165-B00BD6C24825}"
EndProject
Project("{2150E333-8FDC-42A3-9474-1A3956D46DE8}") = "Model", "Model", "{0CE5783F-8536-44BE-AC67-2536D2B343C8}"
EndProject
Project("{8BC9CEB8-8B4A-11D0-8D11-00A0C91BC942}") = "RenderDLL", "RenderDLL\RenderDLL.vcxproj", "{A3C91A99-DD90-4228-AE64-F6CA7F17003C}"
	ProjectSection(ProjectDependencies) = postProject
		{EA566537-2ECA-42FC-8BC6-5ADA02D1A6AF} = {EA566537-2ECA-42FC-8BC6-5ADA02D1A6AF}
		{82F9A6FD-E2D5-4323-AA7E-4C85960E4092} = {82F9A6FD-E2D5-4323-AA7E-4C85960E4092}
	EndProjectSection
EndProject
Project("{8BC9CEB8-8B4A-11D0-8D11-00A0C91BC942}") = "OBJLoader", "OBJLoader\OBJLoader.vcxproj", "{EA566537-2ECA-42FC-8BC6-5ADA02D1A6AF}"
EndProject
Global
	GlobalSection(SolutionConfigurationPlatforms) = preSolution
		Debug|Any CPU = Debug|Any CPU
		Debug|x64 = Debug|x64
		Debug|x86 = Debug|x86
		Release|Any CPU = Release|Any CPU
		Release|x64 = Release|x64
		Release|x86 = Release|x86
	EndGlobalSection
	GlobalSection(ProjectConfigurationPlatforms) = postSolution
		{82F9A6FD-E2D5-4323-AA7E-4C85960E4092}.Debug|Any CPU.ActiveCfg = Debug|Win32
		{82F9A6FD-E2D5-4323-AA7E-4C85960E4092}.Debug|x64.ActiveCfg = Debug|x64
		{82F9A6FD-E2D5-4323-AA7E-4C85960E4092}.Debug|x64.Build.0 = Debug|x64
		{82F9A6FD-E2D5-4323-AA7E-4C85960E4092}.Debug|x86.ActiveCfg = Debug|Win32
		{82F9A6FD-E2D5-4323-AA7E-4C85960E4092}.Debug|x86.Build.0 = Debug|Win32
		{82F9A6FD-E2D5-4323-AA7E-4C85960E4092}.Release|Any CPU.ActiveCfg = Release|Win32
		{82F9A6FD-E2D5-4323-AA7E-4C85960E4092}.Release|x64.ActiveCfg = Release|x64
		{82F9A6FD-E2D5-4323-AA7E-4C85960E4092}.Release|x64.Build.0 = Release|x64
		{82F9A6FD-E2D5-4323-AA7E-4C85960E4092}.Release|x86.ActiveCfg = Release|Win32
		{82F9A6FD-E2D5-4323-AA7E-4C85960E4092}.Release|x86.Build.0 = Release|Win32
		{3166A619-7C8D-4DF0-BCAE-AB75EC08B32A}.Debug|Any CPU.ActiveCfg = Debug|Win32
		{3166A619-7C8D-4DF0-BCAE-AB75EC08B32A}.Debug|x64.ActiveCfg = Debug|x64
		{3166A619-7C8D-4DF0-BCAE-AB75EC08B32A}.Debug|x64.Build.0 = Debug|x64
		{3166A619-7C8D-4DF0-BCAE-AB75EC08B32A}.Debug|x86.ActiveCfg = Debug|Win32
		{3166A619-7C8D-4DF0-BCAE-AB75EC08B32A}.Debug|x86.Build.0 = Debug|Win32
		{3166A619-7C8D-4DF0-BCAE-AB75EC08B32A}.Release|Any CPU.ActiveCfg = Release|Win32
		{3166A619-7C8D-4DF0-BCAE-AB75EC08B32A}.Release|x64.ActiveCfg = Release|x64
		{3166A619-7C8D-4DF0-BCAE-AB75EC08B32A}.Release|x64.Build.0 = Release|x64
		{3166A619-7C8D-4DF0-BCAE-AB75EC08B32A}.Release|x86.ActiveCfg = Release|Win32
		{3166A619-7C8D-4DF0-BCAE-AB75EC08B32A}.Release|x86.Build.0 = Release|Win32
		{BC38E17E-D8FA-4CE9-A165-B00BD6C24825}.Debug|Any CPU.ActiveCfg = Debug|Any CPU
		{BC38E17E-D8FA-4CE9-A165-B00BD6C24825}.Debug|x64.ActiveCfg = Debug|Any CPU
		{BC38E17E-D8FA-4CE9-A165-B00BD6C24825}.Debug|x86.ActiveCfg = Debug|Any CPU
		{BC38E17E-D8FA-4CE9-A165-B00BD6C24825}.Release|Any CPU.ActiveCfg = Release|Any CPU
		{BC38E17E-D8FA-4CE9-A165-B00BD6C24825}.Release|x64.ActiveCfg = Release|Any CPU
		{BC38E17E-D8FA-4CE9-A165-B00BD6C24825}.Release|x86.ActiveCfg = Release|Any CPU
		{A3C91A99-DD90-4228-AE64-F6CA7F17003C}.Debug|Any CPU.ActiveCfg = Debug|Win32
		{A3C91A99-DD90-4228-AE64-F6CA7F17003C}.Debug|x64.ActiveCfg = Debug|x64
		{A3C91A99-DD90-4228-AE64-F6CA7F17003C}.Debug|x64.Build.0 = Debug|x64
		{A3C91A99-DD90-4228-AE64-F6CA7F17003C}.Debug|x86.ActiveCfg = Debug|Win32
		{A3C91A99-DD90-4228-AE64-F6CA7F17003C}.Debug|x86.Build.0 = Debug|Win32
		{A3C91A99-DD90-4228-AE64-F6CA7F17003C}.Release|Any CPU.ActiveCfg = Release|Win32
		{A3C91A99-DD90-4228-AE64-F6CA7F17003C}.Release|x64.ActiveCfg = Release|x64
		{A3C91A99-DD90-4228-AE64-F6CA7F17003C}.Release|x64.Build.0 = Release|x64
		{A3C91A99-DD90-4228-AE64-F6CA7F17003C}.Release|x86.ActiveCfg = Release|Win32
		{A3C91A99-DD90-4228-AE64-F6CA7F17003C}.Release|x86.Build.0 = Release|Win32
		{EA566537-2ECA-42FC-8BC6-5ADA02D1A6AF}.Debug|Any CPU.ActiveCfg = Debug|Win32
		{EA566537-2ECA-42FC-8BC6-5ADA02D1A6AF}.Debug|x64.ActiveCfg = Debug|x64
		{EA566537-2ECA-42FC-8BC6-5ADA02D1A6AF}.Debug|x64.Build.0 = Debug|x64
		{EA566537-2ECA-42FC-8BC6-5ADA02D1A6AF}.Debug|x86.ActiveCfg = Debug|Win32
		{EA566537-2ECA-42FC-8BC6-5ADA02D1A6AF}.Debug|x86.Build.0 = Debug|Win32
		{EA566537-2ECA-42FC-8BC6-5ADA02D1A6AF}.Release|Any CPU.ActiveCfg = Release|Win32
		{EA566537-2ECA-42FC-8BC6-5ADA02D1A6AF}.Release|x64.ActiveCfg = Release|x64
		{EA566537-2ECA-42FC-8BC6-5ADA02D1A6AF}.Release|x64.Build.0 = Release|x64
		{EA566537-2ECA-42FC-8BC6-5ADA02D1A6AF}.Release|x86.ActiveCfg = Release|Win32
		{EA566537-2ECA-42FC-8BC6-5ADA02D1A6AF}.Release|x86.Build.0 = Release|Win32
	EndGlobalSection
	GlobalSection(SolutionProperties) = preSolution
		HideSolutionNode = FALSE
	EndGlobalSection
	GlobalSection(NestedProjects) = preSolution
		{BC38E17E-D8FA-4CE9-A165-B00BD6C24825} = {0CE5783F-8536-44BE-AC67-2536D2B343C8}
		{A3C91A99-DD90-4228-AE64-F6CA7F17003C} = {0CE5783F-8536-44BE-AC67-2536D2B343C8}
		{EA566537-2ECA-42FC-8BC6-5ADA02D1A6AF} = {0CE5783F-8536-44BE-AC67-2536D2B343C8}
	EndGlobalSection
	GlobalSection(ExtensibilityGlobals) = postSolution
		SolutionGuid = {356CAA14-C5F9-4DED-941B-8FEB87921659}
	EndGlobalSection
EndGlobal
