<?xml version="1.0" encoding="utf-8"?>
<Project ToolsVersion="4.0" xmlns="http://schemas.microsoft.com/developer/msbuild/2003">
  <ItemGroup>
    <Filter Include="资源文件">
      <UniqueIdentifier>{67DA6AB6-F800-4c08-8B7A-83BB121AAD01}</UniqueIdentifier>
      <Extensions>rc;ico;cur;bmp;dlg;rc2;rct;bin;rgs;gif;jpg;jpeg;jpe;resx;tiff;tif;png;wav;mfcribbon-ms</Extensions>
    </Filter>
    <Filter Include="source">
      <UniqueIdentifier>{4FC737F1-C7A5-4376-A066-2A32D752A2FF}</UniqueIdentifier>
      <Extensions>cpp;c;cc;cxx;def;odl;idl;hpj;bat;asm;asmx</Extensions>
    </Filter>
    <Filter Include="source\Graphics">
      <UniqueIdentifier>{a88517b5-77f5-4984-8709-90bfc27df407}</UniqueIdentifier>
    </Filter>
    <Filter Include="source\Math">
      <UniqueIdentifier>{9253e172-ee2b-49ba-ab2b-8acb8579326e}</UniqueIdentifier>
    </Filter>
    <Filter Include="Shaders">
      <UniqueIdentifier>{3cef8659-0899-434f-8f77-707970460bd7}</UniqueIdentifier>
    </Filter>
    <Filter Include="Shaders\Present">
      <UniqueIdentifier>{798a226a-067d-489b-b4b4-9de8e0c7e49a}</UniqueIdentifier>
    </Filter>
    <Filter Include="Shaders\Misc">
      <UniqueIdentifier>{1bb64627-759d-4359-80d8-e3dc76ebc5b5}</UniqueIdentifier>
    </Filter>
    <Filter Include="Shaders\Text">
      <UniqueIdentifier>{6060ddf9-69a9-4810-a798-3edc200cc126}</UniqueIdentifier>
    </Filter>
    <Filter Include="source\Model">
      <UniqueIdentifier>{8b70c7d0-47a0-4599-8b04-d667338225dd}</UniqueIdentifier>
    </Filter>
    <Filter Include="Shaders\NewFilter1">
      <UniqueIdentifier>{1cf74de0-cbcb-433b-ad5a-240d2efc8982}</UniqueIdentifier>
    </Filter>
  </ItemGroup>
  <ItemGroup>
    <ClInclude Include="..\src\EngineCore\Graphics\PipelineState.h">
      <Filter>source\Graphics</Filter>
    </ClInclude>
    <ClInclude Include="..\src\EngineCore\Graphics\d3dx12.h">
      <Filter>source\Graphics</Filter>
    </ClInclude>
    <ClInclude Include="..\src\EngineCore\Graphics\RootSignature.h">
      <Filter>source\Graphics</Filter>
    </ClInclude>
    <ClInclude Include="..\src\EngineCore\Utility.h">
      <Filter>source</Filter>
    </ClInclude>
    <ClInclude Include="..\src\EngineCore\Hash.h">
      <Filter>source</Filter>
    </ClInclude>
    <ClInclude Include="..\src\EngineCore\Math\Common.h">
      <Filter>source\Math</Filter>
    </ClInclude>
    <ClInclude Include="..\src\EngineCore\Graphics\GraphicsCore.h">
      <Filter>source\Graphics</Filter>
    </ClInclude>
    <ClInclude Include="..\src\EngineCore\Graphics\CommandListManager.h">
      <Filter>source\Graphics</Filter>
    </ClInclude>
    <ClInclude Include="..\src\EngineCore\Graphics\CommandAllocatorPool.h">
      <Filter>source\Graphics</Filter>
    </ClInclude>
    <ClInclude Include="..\src\EngineCore\Graphics\DescriptorHeap.h">
      <Filter>source\Graphics</Filter>
    </ClInclude>
    <ClInclude Include="..\src\EngineCore\Graphics\GpuBuffer.h">
      <Filter>source\Graphics</Filter>
    </ClInclude>
    <ClInclude Include="..\src\EngineCore\Graphics\GpuResource.h">
      <Filter>source\Graphics</Filter>
    </ClInclude>
    <ClInclude Include="..\src\EngineCore\Graphics\GraphicsClass.h">
      <Filter>source\Graphics</Filter>
    </ClInclude>
    <ClInclude Include="..\src\EngineCore\Graphics\CommandContext.h">
      <Filter>source\Graphics</Filter>
    </ClInclude>
    <ClInclude Include="..\src\EngineCore\Graphics\ColorBuffer.h">
      <Filter>source\Graphics</Filter>
    </ClInclude>
    <ClInclude Include="..\src\EngineCore\Graphics\Color.h">
      <Filter>source\Graphics</Filter>
    </ClInclude>
    <ClInclude Include="..\src\EngineCore\Math\Fuction.h">
      <Filter>source\Math</Filter>
    </ClInclude>
    <ClInclude Include="..\src\EngineCore\Graphics\PixelBuffer.h">
      <Filter>source\Graphics</Filter>
    </ClInclude>
    <ClInclude Include="..\src\EngineCore\Graphics\ReadbackBuffer.h">
      <Filter>source\Graphics</Filter>
    </ClInclude>
    <ClInclude Include="..\src\EngineCore\Graphics\LinearAllocator.h">
      <Filter>source\Graphics</Filter>
    </ClInclude>
    <ClInclude Include="..\src\EngineCore\Graphics\GraphicsCommon.h">
      <Filter>source\Graphics</Filter>
    </ClInclude>
    <ClInclude Include="..\src\EngineCore\Graphics\SamplerManager.h">
      <Filter>source\Graphics</Filter>
    </ClInclude>
    <ClInclude Include="..\src\EngineCore\EngineCore.h">
      <Filter>source</Filter>
    </ClInclude>
    <ClInclude Include="..\src\EngineCore\Graphics\CommandSignature.h">
      <Filter>source\Graphics</Filter>
    </ClInclude>
    <ClInclude Include="..\src\EngineCore\Graphics\BufferManager.h">
      <Filter>source\Graphics</Filter>
    </ClInclude>
    <ClInclude Include="..\src\EngineCore\Graphics\DepthBuffer.h">
      <Filter>source\Graphics</Filter>
    </ClInclude>
    <ClInclude Include="..\src\EngineCore\Graphics\DDSTextureLoader.h">
      <Filter>source\Graphics</Filter>
    </ClInclude>
    <ClInclude Include="..\src\EngineCore\Graphics\TextRenderer.h">
      <Filter>source\Graphics</Filter>
    </ClInclude>
    <ClInclude Include="..\src\EngineCore\FileUtility.h">
      <Filter>source</Filter>
    </ClInclude>
    <ClInclude Include="..\src\EngineCore\Graphics\TextureManager.h">
      <Filter>source\Graphics</Filter>
    </ClInclude>
    <ClInclude Include="..\src\EngineCore\Math\Scalar.h">
      <Filter>source\Math</Filter>
    </ClInclude>
    <ClInclude Include="..\src\EngineCore\Math\Vector.h">
      <Filter>source\Math</Filter>
    </ClInclude>
    <ClInclude Include="..\src\EngineCore\Graphics\dds.h">
      <Filter>source\Graphics</Filter>
    </ClInclude>
    <ClInclude Include="..\src\EngineCore\Graphics\DynamicDescriptorHeap.h">
      <Filter>source\Graphics</Filter>
    </ClInclude>
    <ClInclude Include="..\src\EngineCore\Model\Model.h">
      <Filter>source\Model</Filter>
    </ClInclude>
    <ClInclude Include="..\src\EngineCore\Math\VectorMath.h">
      <Filter>source\Math</Filter>
    </ClInclude>
    <ClInclude Include="..\src\EngineCore\Math\Matrix4.h">
      <Filter>source\Math</Filter>
    </ClInclude>
    <ClInclude Include="..\src\EngineCore\Math\Transform.h">
      <Filter>source\Math</Filter>
    </ClInclude>
    <ClInclude Include="..\src\EngineCore\Math\Quaternion.h">
      <Filter>source\Math</Filter>
    </ClInclude>
    <ClInclude Include="..\src\EngineCore\Math\Matrix3.h">
      <Filter>source\Math</Filter>
    </ClInclude>
    <ClInclude Include="..\src\EngineCore\Camrea.h">
      <Filter>source</Filter>
    </ClInclude>
  </ItemGroup>
  <ItemGroup>
    <ClCompile Include="..\src\EngineCore\Graphics\PipelineState.cpp">
      <Filter>source\Graphics</Filter>
    </ClCompile>
    <ClCompile Include="..\src\EngineCore\Utility.cpp">
      <Filter>source</Filter>
    </ClCompile>
    <ClCompile Include="..\src\EngineCore\Graphics\RootSignature.cpp">
      <Filter>source\Graphics</Filter>
    </ClCompile>
    <ClCompile Include="..\src\EngineCore\Graphics\GraphicsCore.cpp">
      <Filter>source\Graphics</Filter>
    </ClCompile>
    <ClCompile Include="..\src\EngineCore\Graphics\CommandAllocatorPool.cpp">
      <Filter>source\Graphics</Filter>
    </ClCompile>
    <ClCompile Include="..\src\EngineCore\Graphics\CommandListManager.cpp">
      <Filter>source\Graphics</Filter>
    </ClCompile>
    <ClCompile Include="..\src\EngineCore\EngineCore.cpp">
      <Filter>source</Filter>
    </ClCompile>
    <ClCompile Include="..\src\EngineCore\Graphics\DescriptorHeap.cpp">
      <Filter>source\Graphics</Filter>
    </ClCompile>
    <ClCompile Include="..\src\EngineCore\Graphics\GpuBuffer.cpp">
      <Filter>source\Graphics</Filter>
    </ClCompile>
    <ClCompile Include="..\src\EngineCore\Graphics\CommandContext.cpp">
      <Filter>source\Graphics</Filter>
    </ClCompile>
    <ClCompile Include="..\src\EngineCore\Graphics\ColorBuffer.cpp">
      <Filter>source\Graphics</Filter>
    </ClCompile>
    <ClCompile Include="..\src\EngineCore\Graphics\Color.cpp">
      <Filter>source\Graphics</Filter>
    </ClCompile>
    <ClCompile Include="..\src\EngineCore\Graphics\PixelBuffer.cpp">
      <Filter>source\Graphics</Filter>
    </ClCompile>
    <ClCompile Include="..\src\EngineCore\Graphics\ReadbackBuffer.cpp">
      <Filter>source\Graphics</Filter>
    </ClCompile>
    <ClCompile Include="..\src\EngineCore\Graphics\LinearAllocator.cpp">
      <Filter>source\Graphics</Filter>
    </ClCompile>
    <ClCompile Include="..\src\EngineCore\Graphics\GraphicsCommon.cpp">
      <Filter>source\Graphics</Filter>
    </ClCompile>
    <ClCompile Include="..\src\EngineCore\Graphics\SamplerManager.cpp">
      <Filter>source\Graphics</Filter>
    </ClCompile>
    <ClCompile Include="..\src\EngineCore\Graphics\CommandSignature.cpp">
      <Filter>source\Graphics</Filter>
    </ClCompile>
    <ClCompile Include="..\src\EngineCore\Graphics\BufferManager.cpp">
      <Filter>source\Graphics</Filter>
    </ClCompile>
    <ClCompile Include="..\src\EngineCore\Graphics\DepthBuffer.cpp">
      <Filter>source\Graphics</Filter>
    </ClCompile>
    <ClCompile Include="..\src\EngineCore\Graphics\DDSTextureLoader.cpp">
      <Filter>source\Graphics</Filter>
    </ClCompile>
    <ClCompile Include="..\src\EngineCore\Graphics\TextRenderer.cpp">
      <Filter>source\Graphics</Filter>
    </ClCompile>
    <ClCompile Include="..\src\EngineCore\FileUtility.cpp">
      <Filter>source</Filter>
    </ClCompile>
    <ClCompile Include="..\src\EngineCore\Graphics\TextureManager.cpp">
      <Filter>source\Graphics</Filter>
    </ClCompile>
    <ClCompile Include="..\src\EngineCore\Graphics\DynamicDescriptorHeap.cpp">
      <Filter>source\Graphics</Filter>
    </ClCompile>
    <ClCompile Include="..\src\EngineCore\Model\Model.cpp">
      <Filter>source\Model</Filter>
    </ClCompile>
    <ClCompile Include="..\src\EngineCore\Model\ModelH3D.cpp">
      <Filter>source\Model</Filter>
    </ClCompile>
    <ClCompile Include="..\src\EngineCore\Camrea.cpp">
      <Filter>source</Filter>
    </ClCompile>
  </ItemGroup>
  <ItemGroup>
    <None Include="..\src\EngineCore\Shaders\PresentRS.hlsli">
      <Filter>Shaders\Present</Filter>
    </None>
    <None Include="..\src\EngineCore\Shaders\ShaderUtility.hlsli">
      <Filter>Shaders\Misc</Filter>
    </None>
    <None Include="..\src\EngineCore\Shaders\ColorSpaceUtility.hlsli">
      <Filter>Shaders\Misc</Filter>
    </None>
    <None Include="..\src\EngineCore\Shaders\PixelPacking.hlsli">
      <Filter>Shaders\Misc</Filter>
    </None>
    <None Include="..\src\EngineCore\Shaders\PixelPacking_LUV.hlsli">
      <Filter>Shaders\Misc</Filter>
    </None>
    <None Include="..\src\EngineCore\Shaders\PixelPacking_R11G11B10.hlsli">
      <Filter>Shaders\Misc</Filter>
    </None>
    <None Include="..\src\EngineCore\Shaders\PixelPacking_RGBE.hlsli">
      <Filter>Shaders\Misc</Filter>
    </None>
    <None Include="..\src\EngineCore\Shaders\PixelPacking_RGBM.hlsli">
      <Filter>Shaders\Misc</Filter>
    </None>
    <None Include="..\src\EngineCore\Shaders\PixelPacking_Velocity.hlsli">
      <Filter>Shaders\Misc</Filter>
    </None>
    <None Include="..\src\EngineCore\Shaders\ToneMappingUtility.hlsli">
      <Filter>Shaders\Misc</Filter>
    </None>
    <None Include="..\src\EngineCore\Shaders\TextRS.hlsli">
      <Filter>Shaders\Text</Filter>
    </None>
    <None Include="packages.config" />
  </ItemGroup>
  <ItemGroup>
    <FxCompile Include="..\src\EngineCore\Shaders\BufferCopyPS.hlsl">
      <Filter>Shaders\Present</Filter>
    </FxCompile>
    <FxCompile Include="..\src\EngineCore\Shaders\ScreenQuadVS.hlsl">
      <Filter>Shaders\Misc</Filter>
    </FxCompile>
    <FxCompile Include="..\src\EngineCore\Shaders\PresentHDRPS.hlsl">
      <Filter>Shaders\Present</Filter>
    </FxCompile>
    <FxCompile Include="..\src\EngineCore\Shaders\PresentSDRPS.hlsl">
      <Filter>Shaders\Present</Filter>
    </FxCompile>
    <FxCompile Include="..\src\EngineCore\Shaders\TextAntialiasPS.hlsl">
      <Filter>Shaders\Text</Filter>
    </FxCompile>
    <FxCompile Include="..\src\EngineCore\Shaders\TextShadowPS.hlsl">
      <Filter>Shaders\Text</Filter>
    </FxCompile>
    <FxCompile Include="..\src\EngineCore\Shaders\TextVS.hlsl">
      <Filter>Shaders\Text</Filter>
    </FxCompile>
    <FxCompile Include="..\src\EngineCore\Shaders\UnlitVS.hlsl">
      <Filter>Shaders\Present</Filter>
    </FxCompile>
    <FxCompile Include="..\src\EngineCore\Shaders\UnlitPS.hlsl">
      <Filter>Shaders\Present</Filter>
    </FxCompile>
  </ItemGroup>
</Project>